
Microsoft Visual Studio Solution File, Format Version 12.00
# Visual Studio Version 17
VisualStudioVersion = 17.11.35222.181
MinimumVisualStudioVersion = 10.0.40219.1
Project("{FAE04EC0-301F-11D3-BF4B-00C04F79EFBC}") = "SemanaDia", "SemanaDia.csproj", "{C87417C1-D336-4C38-8F8E-C61F42822BA9}"
EndProject
Global
	GlobalSection(SolutionConfigurationPlatforms) = preSolution
		Debug|Any CPU = Debug|Any CPU
		Release|Any CPU = Release|Any CPU
	EndGlobalSection
	GlobalSection(ProjectConfigurationPlatforms) = postSolution
		{C87417C1-D336-4C38-8F8E-C61F42822BA9}.Debug|Any CPU.ActiveCfg = Debug|Any CPU
		{C87417C1-D336-4C38-8F8E-C61F42822BA9}.Debug|Any CPU.Build.0 = Debug|Any CPU
		{C87417C1-D336-4C38-8F8E-C61F42822BA9}.Release|Any CPU.ActiveCfg = Release|Any CPU
		{C87417C1-D336-4C38-8F8E-C61F42822BA9}.Release|Any CPU.Build.0 = Release|Any CPU
	EndGlobalSection
	GlobalSection(SolutionProperties) = preSolution
		HideSolutionNode = FALSE
	EndGlobalSection
	GlobalSection(ExtensibilityGlobals) = postSolution
		SolutionGuid = {51227975-1729-49D9-B6CD-E1D1FCBC038D}
	EndGlobalSection
EndGlobal
